# This file was autogenerated by Stack.
# You should not edit this file by hand.
# For more information, please see the documentation at:
#   https://docs.haskellstack.org/en/stable/lock_files

packages:
- completed:
    hackage: monadIO-0.11.1.0@sha256:2407c8aee3a74f3eba897f7c87f702f502394aec8cd412f3d2334cc353f54f13,964
    pantry-tree:
      size: 443
      sha256: 608107686873b5685ba9d29d65a61fad8f6868e58d92da6349902a851345c125
  original:
    hackage: monadIO-0.11.1.0
- completed:
    hackage: stm-2.5.0.0@sha256:c238075f9f0711cd6a78eab6001b3e218cdaa745d6377bf83cc21e58ceec2ea1,2100
    pantry-tree:
      size: 898
      sha256: 8ef9688d399f931a040d5d316ef8d40efacc14fcb099eba637adb7d00e75ecde
  original:
    hackage: stm-2.5.0.0
- completed:
    hackage: safe-0.3.17@sha256:a522024ec60a9bef6ad1df2117023785b0f97ed732d9af9908cd1d09530e977f,2317
    pantry-tree:
      size: 564
      sha256: 41a335211378f52bb5c0e02bf60ccd4e65768f9277e0bdc831731256f4460fea
  original:
    hackage: safe-0.3.17
- completed:
    hackage: monad-loops-0.4.3@sha256:ada4f1295ece07f9a7398bc5b40c4532f95a733a8604d2a2f57f05f878766df2,1751
    pantry-tree:
      size: 243
      sha256: c8d919cbf7cda1c8551534cb17844c56cbfcbf1b18667b1a0700b97c87ff5059
  original:
    hackage: monad-loops-0.4.3
snapshots:
- completed:
    size: 525876
    url: https://raw.githubusercontent.com/commercialhaskell/stackage-snapshots/master/lts/14/13.yaml
    sha256: 4a0e79eb194c937cc2a1852ff84d983c63ac348dc6bad5f38d20cab697036eef
  original: lts-14.13
